
Microsoft Visual Studio Solution File, Format Version 12.00
# Visual Studio Version 16
VisualStudioVersion = 16.0.30907.101
MinimumVisualStudioVersion = 10.0.40219.1
Project("{FAE04EC0-301F-11D3-BF4B-00C04F79EFBC}") = "WinRisePlayerPOC", "WinRisePlayerPOC.csproj", "{52E5502C-84BA-4FFD-BDD9-F070BF8CB464}"
EndProject
Global
	GlobalSection(SolutionConfigurationPlatforms) = preSolution
		Debug|x64 = Debug|x64
		Debug|x86 = Debug|x86
		Release|x64 = Release|x64
		Release|x86 = Release|x86
	EndGlobalSection
	GlobalSection(ProjectConfigurationPlatforms) = postSolution
		{52E5502C-84BA-4FFD-BDD9-F070BF8CB464}.Debug|x64.ActiveCfg = Debug|x64
		{52E5502C-84BA-4FFD-BDD9-F070BF8CB464}.Debug|x64.Build.0 = Debug|x64
		{52E5502C-84BA-4FFD-BDD9-F070BF8CB464}.Debug|x86.ActiveCfg = Debug|x86
		{52E5502C-84BA-4FFD-BDD9-F070BF8CB464}.Debug|x86.Build.0 = Debug|x86
		{52E5502C-84BA-4FFD-BDD9-F070BF8CB464}.Release|x64.ActiveCfg = Release|x64
		{52E5502C-84BA-4FFD-BDD9-F070BF8CB464}.Release|x64.Build.0 = Release|x64
		{52E5502C-84BA-4FFD-BDD9-F070BF8CB464}.Release|x86.ActiveCfg = Release|x64
	EndGlobalSection
	GlobalSection(SolutionProperties) = preSolution
		HideSolutionNode = FALSE
	EndGlobalSection
	GlobalSection(ExtensibilityGlobals) = postSolution
		SolutionGuid = {4550C512-3428-489D-92DB-F854617B5968}
	EndGlobalSection
EndGlobal
